
Microsoft Visual Studio Solution File, Format Version 12.00
# Visual Studio Version 17
VisualStudioVersion = 17.6.33801.468
MinimumVisualStudioVersion = 10.0.40219.1
Project("{FAE04EC0-301F-11D3-BF4B-00C04F79EFBC}") = "FutbolApi", "FutbolApi\FutbolApi.csproj", "{A5C27A15-5E21-4B77-9C17-0D5AAF6BB364}"
EndProject
Global
	GlobalSection(SolutionConfigurationPlatforms) = preSolution
		Debug|Any CPU = Debug|Any CPU
		Release|Any CPU = Release|Any CPU
	EndGlobalSection
	GlobalSection(ProjectConfigurationPlatforms) = postSolution
		{A5C27A15-5E21-4B77-9C17-0D5AAF6BB364}.Debug|Any CPU.ActiveCfg = Debug|Any CPU
		{A5C27A15-5E21-4B77-9C17-0D5AAF6BB364}.Debug|Any CPU.Build.0 = Debug|Any CPU
		{A5C27A15-5E21-4B77-9C17-0D5AAF6BB364}.Release|Any CPU.ActiveCfg = Release|Any CPU
		{A5C27A15-5E21-4B77-9C17-0D5AAF6BB364}.Release|Any CPU.Build.0 = Release|Any CPU
	EndGlobalSection
	GlobalSection(SolutionProperties) = preSolution
		HideSolutionNode = FALSE
	EndGlobalSection
	GlobalSection(ExtensibilityGlobals) = postSolution
		SolutionGuid = {99B8F59F-DBAE-4DEB-A5B6-64D27612034D}
	EndGlobalSection
EndGlobal
